{
  "name": "tests",
  "lockfileVersion": 3,
  "requires": true,
  "packages": {
    "": {
      "dependencies": {
        "harbor-table": "file:../.."
      },
      "devDependencies": {
        "@electric-sql/pglite": "0.5.8"
      }
    },
    "../..": {
      "version": "0.1.0",
      "dependencies": {
        "@fontsource/open-sans": "^5.1.0",
        "lucide-react": "^0.468.0",
        "react": "^18.3.1",
        "react-dom": "^18.3.1"
      },
      "devDependencies": {
        "@types/react": "^18.3.18",
        "@types/react-dom": "^18.3.5",
        "@vitejs/plugin-react": "^4.3.4",
        "typescript": "^5.7.3",
        "vite": "^6.4.3",
        "vitest": "^3.2.6"
      }
    },
    "node_modules/@electric-sql/pglite": {
      "version": "0.5.8",
      "resolved": "https://registry.npmjs.org/@electric-sql/pglite/-/pglite-0.5.8.tgz",
      "integrity": "sha512-n9tsbUOhwx2epK1V0ZG9Ar4SHWUju04dhmzZXiSBXwBoleOvIfals33NAaWgagQVAL4Rbvx/Ptsu3P+pA09f6Q==",
      "dev": true
    },
    "node_modules/harbor-table": {
      "resolved": "../..",
      "link": true
    }
  }
}
